
Microsoft Visual Studio Solution File, Format Version 12.00
# Visual Studio Version 17
VisualStudioVersion = 17.10.34928.147
MinimumVisualStudioVersion = 10.0.40219.1
Project("{FAE04EC0-301F-11D3-BF4B-00C04F79EFBC}") = "DemoSqlServerWithWebAPI", "DemoSqlServerWithWebAPI\DemoSqlServerWithWebAPI.csproj", "{F5F8D4FC-1BE0-4031-BD72-EA61BBEBCDA8}"
EndProject
Global
	GlobalSection(SolutionConfigurationPlatforms) = preSolution
		Debug|Any CPU = Debug|Any CPU
		Release|Any CPU = Release|Any CPU
	EndGlobalSection
	GlobalSection(ProjectConfigurationPlatforms) = postSolution
		{F5F8D4FC-1BE0-4031-BD72-EA61BBEBCDA8}.Debug|Any CPU.ActiveCfg = Debug|Any CPU
		{F5F8D4FC-1BE0-4031-BD72-EA61BBEBCDA8}.Debug|Any CPU.Build.0 = Debug|Any CPU
		{F5F8D4FC-1BE0-4031-BD72-EA61BBEBCDA8}.Release|Any CPU.ActiveCfg = Release|Any CPU
		{F5F8D4FC-1BE0-4031-BD72-EA61BBEBCDA8}.Release|Any CPU.Build.0 = Release|Any CPU
	EndGlobalSection
	GlobalSection(SolutionProperties) = preSolution
		HideSolutionNode = FALSE
	EndGlobalSection
	GlobalSection(ExtensibilityGlobals) = postSolution
		SolutionGuid = {FE06FD65-36FA-4B01-BDD0-9E4D1FA629F0}
	EndGlobalSection
EndGlobal
